<?xml version="1.0" encoding="utf-8"?>
<Project ToolsVersion="4.0" xmlns="http://schemas.microsoft.com/developer/msbuild/2003">
  <ItemGroup>
    <Filter Include="Generated Files">
      <UniqueIdentifier>{71ED8ED8-ACB9-4CE9-BBE1-E00B30144E11}</UniqueIdentifier>
      <Extensions>cpp;c;cxx;moc;h;def;odl;idl;res;</Extensions>
    </Filter>
    <Filter Include="Generated Files">
      <UniqueIdentifier>{71ED8ED8-ACB9-4CE9-BBE1-E00B30144E11}</UniqueIdentifier>
      <Extensions>cpp;c;cxx;moc;h;def;odl;idl;res;</Extensions>
    </Filter>
    <Filter Include="Resource Files">
      <UniqueIdentifier>{D9D6E242-F8AF-46E4-B9FD-80ECBC20BA3E}</UniqueIdentifier>
      <Extensions>qrc;*</Extensions>
      <ParseFiles>false</ParseFiles>
    </Filter>
    <Filter Include="Resource Files">
      <UniqueIdentifier>{D9D6E242-F8AF-46E4-B9FD-80ECBC20BA3E}</UniqueIdentifier>
      <Extensions>qrc;*</Extensions>
      <ParseFiles>false</ParseFiles>
    </Filter>
    <Filter Include="Generated Files\Debug">
      <UniqueIdentifier>{2d8ab837-0d6f-48de-8735-3135e1be9070}</UniqueIdentifier>
      <Extensions>cpp;moc</Extensions>
      <SourceControlFiles>False</SourceControlFiles>
    </Filter>
    <Filter Include="Generated Files\Release">
      <UniqueIdentifier>{0d6697ee-b811-4479-921a-15da6166449b}</UniqueIdentifier>
      <Extensions>cpp;moc</Extensions>
      <SourceControlFiles>False</SourceControlFiles>
    </Filter>
    <Filter Include="aboutPanel">
      <UniqueIdentifier>{8dabcfc4-c72d-4c83-ab63-81a9be272037}</UniqueIdentifier>
    </Filter>
    <Filter Include="code">
      <UniqueIdentifier>{459f0e57-26e7-4a34-9da3-f7282d0c37c2}</UniqueIdentifier>
    </Filter>
    <Filter Include="configPanel">
      <UniqueIdentifier>{3144beeb-a736-4d50-ab7f-4f4497fa9828}</UniqueIdentifier>
    </Filter>
    <Filter Include="DB">
      <UniqueIdentifier>{1a104094-d9e6-408a-9221-b1e41359c796}</UniqueIdentifier>
    </Filter>
    <Filter Include="downloadWidget">
      <UniqueIdentifier>{876a3cac-8b04-4d80-b5de-65a15c55572a}</UniqueIdentifier>
    </Filter>
    <Filter Include="Entity">
      <UniqueIdentifier>{89852855-b492-44f7-a053-dfde2570aaab}</UniqueIdentifier>
    </Filter>
    <Filter Include="lrcLabel">
      <UniqueIdentifier>{46002027-9674-4b94-a06a-54fda29cd5c4}</UniqueIdentifier>
    </Filter>
    <Filter Include="mainWiget">
      <UniqueIdentifier>{2cb849fa-9c99-4a42-a3e8-21f93a5cb593}</UniqueIdentifier>
    </Filter>
    <Filter Include="minWidget">
      <UniqueIdentifier>{0ea653f0-21e6-4118-902e-0ffa5627b9ef}</UniqueIdentifier>
    </Filter>
    <Filter Include="musicList">
      <UniqueIdentifier>{3eb4b049-d7a7-4a72-aa64-222b985793c0}</UniqueIdentifier>
    </Filter>
    <Filter Include="thirdParty">
      <UniqueIdentifier>{5818bfb6-ee92-4977-9646-3006cb165f85}</UniqueIdentifier>
    </Filter>
    <Filter Include="thirdParty\qtsingleapplication">
      <UniqueIdentifier>{f7974816-ba6e-4d5e-95c2-db9dda382d61}</UniqueIdentifier>
    </Filter>
    <Filter Include="thirdParty\qxtglobalshortcut">
      <UniqueIdentifier>{172cab86-f723-4740-b1cd-95daea9fe58e}</UniqueIdentifier>
    </Filter>
    <Filter Include="thread">
      <UniqueIdentifier>{10262009-1728-4565-b5e4-244ce4f6fe05}</UniqueIdentifier>
    </Filter>
    <Filter Include="Engine">
      <UniqueIdentifier>{464022c0-348f-49d6-9dc6-118356e57115}</UniqueIdentifier>
    </Filter>
    <Filter Include="searchPanel">
      <UniqueIdentifier>{1b2f8b3b-57f1-43a2-afbd-b5a80d594810}</UniqueIdentifier>
    </Filter>
  </ItemGroup>
  <ItemGroup>
    <ClCompile Include="GeneratedFiles\qrc_spectrum.cpp">
      <Filter>Generated Files</Filter>
    </ClCompile>
    <ClCompile Include="aboutPanel\AboutPage.cpp">
      <Filter>aboutPanel</Filter>
    </ClCompile>
    <ClCompile Include="Debug\moc_AboutPage.cpp">
      <Filter>Generated Files\Debug</Filter>
    </ClCompile>
    <ClCompile Include="Release\moc_AboutPage.cpp">
      <Filter>Generated Files\Release</Filter>
    </ClCompile>
    <ClCompile Include="aboutPanel\AboutPanel.cpp">
      <Filter>aboutPanel</Filter>
    </ClCompile>
    <ClCompile Include="Debug\moc_AboutPanel.cpp">
      <Filter>Generated Files\Debug</Filter>
    </ClCompile>
    <ClCompile Include="Release\moc_AboutPanel.cpp">
      <Filter>Generated Files\Release</Filter>
    </ClCompile>
    <ClCompile Include="aboutPanel\AuthorPage.cpp">
      <Filter>aboutPanel</Filter>
    </ClCompile>
    <ClCompile Include="Debug\moc_AuthorPage.cpp">
      <Filter>Generated Files\Debug</Filter>
    </ClCompile>
    <ClCompile Include="Release\moc_AuthorPage.cpp">
      <Filter>Generated Files\Release</Filter>
    </ClCompile>
    <ClCompile Include="aboutPanel\ThanksPage.cpp">
      <Filter>aboutPanel</Filter>
    </ClCompile>
    <ClCompile Include="Debug\moc_ThanksPage.cpp">
      <Filter>Generated Files\Debug</Filter>
    </ClCompile>
    <ClCompile Include="Release\moc_ThanksPage.cpp">
      <Filter>Generated Files\Release</Filter>
    </ClCompile>
    <ClCompile Include="code\ClientBaseOperating.cpp">
      <Filter>code</Filter>
    </ClCompile>
    <ClCompile Include="Debug\moc_ClientBaseOperating.cpp">
      <Filter>Generated Files\Debug</Filter>
    </ClCompile>
    <ClCompile Include="Release\moc_ClientBaseOperating.cpp">
      <Filter>Generated Files\Release</Filter>
    </ClCompile>
    <ClCompile Include="code\czplayerconfig.cpp">
      <Filter>code</Filter>
    </ClCompile>
    <ClCompile Include="Debug\moc_czplayerconfig.cpp">
      <Filter>Generated Files\Debug</Filter>
    </ClCompile>
    <ClCompile Include="Release\moc_czplayerconfig.cpp">
      <Filter>Generated Files\Release</Filter>
    </ClCompile>
    <ClCompile Include="code\globalhotkey.cpp">
      <Filter>code</Filter>
    </ClCompile>
    <ClCompile Include="Debug\moc_globalhotkey.cpp">
      <Filter>Generated Files\Debug</Filter>
    </ClCompile>
    <ClCompile Include="Release\moc_globalhotkey.cpp">
      <Filter>Generated Files\Release</Filter>
    </ClCompile>
    <ClCompile Include="code\nofocusdelegate.cpp">
      <Filter>code</Filter>
    </ClCompile>
    <ClCompile Include="Debug\moc_nofocusdelegate.cpp">
      <Filter>Generated Files\Debug</Filter>
    </ClCompile>
    <ClCompile Include="Release\moc_nofocusdelegate.cpp">
      <Filter>Generated Files\Release</Filter>
    </ClCompile>
    <ClCompile Include="code\stdafx.cpp">
      <Filter>code</Filter>
    </ClCompile>
    <ClCompile Include="configPanel\configdialog.cpp">
      <Filter>configPanel</Filter>
    </ClCompile>
    <ClCompile Include="Debug\moc_configdialog.cpp">
      <Filter>Generated Files\Debug</Filter>
    </ClCompile>
    <ClCompile Include="Release\moc_configdialog.cpp">
      <Filter>Generated Files\Release</Filter>
    </ClCompile>
    <ClCompile Include="configPanel\downloadsettingspage.cpp">
      <Filter>configPanel</Filter>
    </ClCompile>
    <ClCompile Include="Debug\moc_downloadsettingspage.cpp">
      <Filter>Generated Files\Debug</Filter>
    </ClCompile>
    <ClCompile Include="Release\moc_downloadsettingspage.cpp">
      <Filter>Generated Files\Release</Filter>
    </ClCompile>
    <ClCompile Include="configPanel\generalsettingspage.cpp">
      <Filter>configPanel</Filter>
    </ClCompile>
    <ClCompile Include="Debug\moc_generalsettingspage.cpp">
      <Filter>Generated Files\Debug</Filter>
    </ClCompile>
    <ClCompile Include="Release\moc_generalsettingspage.cpp">
      <Filter>Generated Files\Release</Filter>
    </ClCompile>
    <ClCompile Include="configPanel\hotkeyssettingspage.cpp">
      <Filter>configPanel</Filter>
    </ClCompile>
    <ClCompile Include="Debug\moc_hotkeyssettingspage.cpp">
      <Filter>Generated Files\Debug</Filter>
    </ClCompile>
    <ClCompile Include="Release\moc_hotkeyssettingspage.cpp">
      <Filter>Generated Files\Release</Filter>
    </ClCompile>
    <ClCompile Include="configPanel\hotkeystablewidget.cpp">
      <Filter>configPanel</Filter>
    </ClCompile>
    <ClCompile Include="Debug\moc_hotkeystablewidget.cpp">
      <Filter>Generated Files\Debug</Filter>
    </ClCompile>
    <ClCompile Include="Release\moc_hotkeystablewidget.cpp">
      <Filter>Generated Files\Release</Filter>
    </ClCompile>
    <ClCompile Include="configPanel\lrcdemo.cpp">
      <Filter>configPanel</Filter>
    </ClCompile>
    <ClCompile Include="Debug\moc_lrcdemo.cpp">
      <Filter>Generated Files\Debug</Filter>
    </ClCompile>
    <ClCompile Include="Release\moc_lrcdemo.cpp">
      <Filter>Generated Files\Release</Filter>
    </ClCompile>
    <ClCompile Include="configPanel\lrcsettingspage.cpp">
      <Filter>configPanel</Filter>
    </ClCompile>
    <ClCompile Include="Debug\moc_lrcsettingspage.cpp">
      <Filter>Generated Files\Debug</Filter>
    </ClCompile>
    <ClCompile Include="Release\moc_lrcsettingspage.cpp">
      <Filter>Generated Files\Release</Filter>
    </ClCompile>
    <ClCompile Include="configPanel\proxysettingspage.cpp">
      <Filter>configPanel</Filter>
    </ClCompile>
    <ClCompile Include="Debug\moc_proxysettingspage.cpp">
      <Filter>Generated Files\Debug</Filter>
    </ClCompile>
    <ClCompile Include="Release\moc_proxysettingspage.cpp">
      <Filter>Generated Files\Release</Filter>
    </ClCompile>
    <ClCompile Include="DB\DBModule.cpp">
      <Filter>DB</Filter>
    </ClCompile>
    <ClCompile Include="Debug\moc_DBModule.cpp">
      <Filter>Generated Files\Debug</Filter>
    </ClCompile>
    <ClCompile Include="Release\moc_DBModule.cpp">
      <Filter>Generated Files\Release</Filter>
    </ClCompile>
    <ClCompile Include="downloadWidget\downloadlist.cpp">
      <Filter>downloadWidget</Filter>
    </ClCompile>
    <ClCompile Include="Debug\moc_downloadlist.cpp">
      <Filter>Generated Files\Debug</Filter>
    </ClCompile>
    <ClCompile Include="Release\moc_downloadlist.cpp">
      <Filter>Generated Files\Release</Filter>
    </ClCompile>
    <ClCompile Include="downloadWidget\musicdownload.cpp">
      <Filter>downloadWidget</Filter>
    </ClCompile>
    <ClCompile Include="Debug\moc_musicdownload.cpp">
      <Filter>Generated Files\Debug</Filter>
    </ClCompile>
    <ClCompile Include="Release\moc_musicdownload.cpp">
      <Filter>Generated Files\Release</Filter>
    </ClCompile>
    <ClCompile Include="Entity\Entity.cpp">
      <Filter>Entity</Filter>
    </ClCompile>
    <ClCompile Include="Entity\MusicListSaveFormatEntity.cpp">
      <Filter>Entity</Filter>
    </ClCompile>
    <ClCompile Include="lrcLabel\musiclrc.cpp">
      <Filter>lrcLabel</Filter>
    </ClCompile>
    <ClCompile Include="Debug\moc_musiclrc.cpp">
      <Filter>Generated Files\Debug</Filter>
    </ClCompile>
    <ClCompile Include="Release\moc_musiclrc.cpp">
      <Filter>Generated Files\Release</Filter>
    </ClCompile>
    <ClCompile Include="mainWiget\widget.cpp">
      <Filter>mainWiget</Filter>
    </ClCompile>
    <ClCompile Include="Debug\moc_widget.cpp">
      <Filter>Generated Files\Debug</Filter>
    </ClCompile>
    <ClCompile Include="Release\moc_widget.cpp">
      <Filter>Generated Files\Release</Filter>
    </ClCompile>
    <ClCompile Include="minWidget\minmusicwidget.cpp">
      <Filter>minWidget</Filter>
    </ClCompile>
    <ClCompile Include="Debug\moc_minmusicwidget.cpp">
      <Filter>Generated Files\Debug</Filter>
    </ClCompile>
    <ClCompile Include="Release\moc_minmusicwidget.cpp">
      <Filter>Generated Files\Release</Filter>
    </ClCompile>
    <ClCompile Include="musicList\musiclist.cpp">
      <Filter>musicList</Filter>
    </ClCompile>
    <ClCompile Include="Debug\moc_musiclist.cpp">
      <Filter>Generated Files\Debug</Filter>
    </ClCompile>
    <ClCompile Include="Release\moc_musiclist.cpp">
      <Filter>Generated Files\Release</Filter>
    </ClCompile>
    <ClCompile Include="musicList\musiclistwidget.cpp">
      <Filter>musicList</Filter>
    </ClCompile>
    <ClCompile Include="Debug\moc_musiclistwidget.cpp">
      <Filter>Generated Files\Debug</Filter>
    </ClCompile>
    <ClCompile Include="Release\moc_musiclistwidget.cpp">
      <Filter>Generated Files\Release</Filter>
    </ClCompile>
    <ClCompile Include="thirdParty\qxtglobalshortcut\qxtglobalshortcut.cpp">
      <Filter>thirdParty\qxtglobalshortcut</Filter>
    </ClCompile>
    <ClCompile Include="Debug\moc_qxtglobalshortcut.cpp">
      <Filter>Generated Files\Debug</Filter>
    </ClCompile>
    <ClCompile Include="Release\moc_qxtglobalshortcut.cpp">
      <Filter>Generated Files\Release</Filter>
    </ClCompile>
    <ClCompile Include="thirdParty\qxtglobalshortcut\qxtglobalshortcut_win.cpp">
      <Filter>thirdParty\qxtglobalshortcut</Filter>
    </ClCompile>
    <ClCompile Include="thirdParty\qtsingleapplication\qtlocalpeer.cpp">
      <Filter>thirdParty\qtsingleapplication</Filter>
    </ClCompile>
    <ClCompile Include="Debug\moc_qtlocalpeer.cpp">
      <Filter>Generated Files\Debug</Filter>
    </ClCompile>
    <ClCompile Include="Release\moc_qtlocalpeer.cpp">
      <Filter>Generated Files\Release</Filter>
    </ClCompile>
    <ClCompile Include="thirdParty\qtsingleapplication\qtsingleapplication.cpp">
      <Filter>thirdParty\qtsingleapplication</Filter>
    </ClCompile>
    <ClCompile Include="Debug\moc_qtsingleapplication.cpp">
      <Filter>Generated Files\Debug</Filter>
    </ClCompile>
    <ClCompile Include="Release\moc_qtsingleapplication.cpp">
      <Filter>Generated Files\Release</Filter>
    </ClCompile>
    <ClCompile Include="thread\albumthread.cpp">
      <Filter>thread</Filter>
    </ClCompile>
    <ClCompile Include="Debug\moc_albumthread.cpp">
      <Filter>Generated Files\Debug</Filter>
    </ClCompile>
    <ClCompile Include="Release\moc_albumthread.cpp">
      <Filter>Generated Files\Release</Filter>
    </ClCompile>
    <ClCompile Include="thread\downloadthread.cpp">
      <Filter>thread</Filter>
    </ClCompile>
    <ClCompile Include="Debug\moc_downloadthread.cpp">
      <Filter>Generated Files\Debug</Filter>
    </ClCompile>
    <ClCompile Include="Release\moc_downloadthread.cpp">
      <Filter>Generated Files\Release</Filter>
    </ClCompile>
    <ClCompile Include="thread\HotplugWatcherThread.cpp">
      <Filter>thread</Filter>
    </ClCompile>
    <ClCompile Include="Debug\moc_HotplugWatcherThread.cpp">
      <Filter>Generated Files\Debug</Filter>
    </ClCompile>
    <ClCompile Include="Release\moc_HotplugWatcherThread.cpp">
      <Filter>Generated Files\Release</Filter>
    </ClCompile>
    <ClCompile Include="thread\lrcthread.cpp">
      <Filter>thread</Filter>
    </ClCompile>
    <ClCompile Include="Debug\moc_lrcthread.cpp">
      <Filter>Generated Files\Debug</Filter>
    </ClCompile>
    <ClCompile Include="Release\moc_lrcthread.cpp">
      <Filter>Generated Files\Release</Filter>
    </ClCompile>
    <ClCompile Include="code\main.cpp">
      <Filter>code</Filter>
    </ClCompile>
    <ClCompile Include="Engine\engine.cpp">
      <Filter>Engine</Filter>
    </ClCompile>
    <ClCompile Include="Debug\moc_engine.cpp">
      <Filter>Generated Files\Debug</Filter>
    </ClCompile>
    <ClCompile Include="Release\moc_engine.cpp">
      <Filter>Generated Files\Release</Filter>
    </ClCompile>
    <ClCompile Include="Engine\frequencyspectrum.cpp">
      <Filter>Engine</Filter>
    </ClCompile>
    <ClCompile Include="Engine\spectrograph.cpp">
      <Filter>Engine</Filter>
    </ClCompile>
    <ClCompile Include="Debug\moc_spectrograph.cpp">
      <Filter>Generated Files\Debug</Filter>
    </ClCompile>
    <ClCompile Include="Release\moc_spectrograph.cpp">
      <Filter>Generated Files\Release</Filter>
    </ClCompile>
    <ClCompile Include="Engine\spectrumanalyser.cpp">
      <Filter>Engine</Filter>
    </ClCompile>
    <ClCompile Include="Debug\moc_spectrumanalyser.cpp">
      <Filter>Generated Files\Debug</Filter>
    </ClCompile>
    <ClCompile Include="Release\moc_spectrumanalyser.cpp">
      <Filter>Generated Files\Release</Filter>
    </ClCompile>
    <ClCompile Include="Engine\tonegenerator.cpp">
      <Filter>Engine</Filter>
    </ClCompile>
    <ClCompile Include="Engine\utils.cpp">
      <Filter>Engine</Filter>
    </ClCompile>
    <ClCompile Include="Engine\wavfile.cpp">
      <Filter>Engine</Filter>
    </ClCompile>
    <ClCompile Include="Engine\waveform.cpp">
      <Filter>Engine</Filter>
    </ClCompile>
    <ClCompile Include="Debug\moc_waveform.cpp">
      <Filter>Generated Files\Debug</Filter>
    </ClCompile>
    <ClCompile Include="Release\moc_waveform.cpp">
      <Filter>Generated Files\Release</Filter>
    </ClCompile>
    <ClCompile Include="searchPanel\SearchPanel.cpp">
      <Filter>searchPanel</Filter>
    </ClCompile>
    <ClCompile Include="Debug\moc_SearchPanel.cpp">
      <Filter>Generated Files\Debug</Filter>
    </ClCompile>
    <ClCompile Include="Release\moc_SearchPanel.cpp">
      <Filter>Generated Files\Release</Filter>
    </ClCompile>
    <ClCompile Include="thread\SearchThread.cpp">
      <Filter>thread</Filter>
    </ClCompile>
    <ClCompile Include="Debug\moc_SearchThread.cpp">
      <Filter>Generated Files\Debug</Filter>
    </ClCompile>
    <ClCompile Include="Release\moc_SearchThread.cpp">
      <Filter>Generated Files\Release</Filter>
    </ClCompile>
    <ClCompile Include="searchPanel\SearchList.cpp">
      <Filter>searchPanel</Filter>
    </ClCompile>
    <ClCompile Include="Debug\moc_SearchList.cpp">
      <Filter>Generated Files\Debug</Filter>
    </ClCompile>
    <ClCompile Include="Release\moc_SearchList.cpp">
      <Filter>Generated Files\Release</Filter>
    </ClCompile>
    <ClCompile Include="Engine\SoundControl.cpp">
      <Filter>Engine</Filter>
    </ClCompile>
    <ClCompile Include="musicList\SharedDialog.cpp">
      <Filter>musicList</Filter>
    </ClCompile>
    <ClCompile Include="Debug\moc_SharedDialog.cpp">
      <Filter>Generated Files\Debug</Filter>
    </ClCompile>
    <ClCompile Include="Release\moc_SharedDialog.cpp">
      <Filter>Generated Files\Release</Filter>
    </ClCompile>
    <ClCompile Include="thread\LoadMusicThread.cpp">
      <Filter>thread</Filter>
    </ClCompile>
    <ClCompile Include="Debug\moc_LoadMusicThread.cpp">
      <Filter>Generated Files\Debug</Filter>
    </ClCompile>
    <ClCompile Include="Release\moc_LoadMusicThread.cpp">
      <Filter>Generated Files\Release</Filter>
    </ClCompile>
    <ClCompile Include="Entity\MusicInfoEntity.cpp">
      <Filter>Entity</Filter>
    </ClCompile>
    <ClCompile Include="code\AutoStart.cpp">
      <Filter>code</Filter>
    </ClCompile>
    <ClCompile Include="code\FileRelation.cpp">
      <Filter>code</Filter>
    </ClCompile>
    <ClCompile Include="configPanel\UpdatePage.cpp">
      <Filter>configPanel</Filter>
    </ClCompile>
    <ClCompile Include="Debug\moc_UpdatePage.cpp">
      <Filter>Generated Files\Debug</Filter>
    </ClCompile>
    <ClCompile Include="Release\moc_UpdatePage.cpp">
      <Filter>Generated Files\Release</Filter>
    </ClCompile>
  </ItemGroup>
  <ItemGroup>
    <CustomBuild Include="aboutPanel\AboutPage.h">
      <Filter>aboutPanel</Filter>
    </CustomBuild>
    <CustomBuild Include="aboutPanel\AboutPanel.h">
      <Filter>aboutPanel</Filter>
    </CustomBuild>
    <CustomBuild Include="aboutPanel\AuthorPage.h">
      <Filter>aboutPanel</Filter>
    </CustomBuild>
    <CustomBuild Include="aboutPanel\ThanksPage.h">
      <Filter>aboutPanel</Filter>
    </CustomBuild>
    <CustomBuild Include="code\ClientBaseOperating.h">
      <Filter>code</Filter>
    </CustomBuild>
    <CustomBuild Include="code\czplayerconfig.h">
      <Filter>code</Filter>
    </CustomBuild>
    <CustomBuild Include="code\globalhotkey.h">
      <Filter>code</Filter>
    </CustomBuild>
    <CustomBuild Include="code\nofocusdelegate.h">
      <Filter>code</Filter>
    </CustomBuild>
    <CustomBuild Include="configPanel\configdialog.h">
      <Filter>configPanel</Filter>
    </CustomBuild>
    <CustomBuild Include="configPanel\downloadsettingspage.h">
      <Filter>configPanel</Filter>
    </CustomBuild>
    <CustomBuild Include="configPanel\generalsettingspage.h">
      <Filter>configPanel</Filter>
    </CustomBuild>
    <CustomBuild Include="configPanel\hotkeyssettingspage.h">
      <Filter>configPanel</Filter>
    </CustomBuild>
    <CustomBuild Include="configPanel\hotkeystablewidget.h">
      <Filter>configPanel</Filter>
    </CustomBuild>
    <CustomBuild Include="configPanel\lrcdemo.h">
      <Filter>configPanel</Filter>
    </CustomBuild>
    <CustomBuild Include="configPanel\lrcsettingspage.h">
      <Filter>configPanel</Filter>
    </CustomBuild>
    <CustomBuild Include="configPanel\proxysettingspage.h">
      <Filter>configPanel</Filter>
    </CustomBuild>
    <CustomBuild Include="DB\DBModule.h">
      <Filter>DB</Filter>
    </CustomBuild>
    <CustomBuild Include="downloadWidget\downloadlist.h">
      <Filter>downloadWidget</Filter>
    </CustomBuild>
    <CustomBuild Include="downloadWidget\musicdownload.h">
      <Filter>downloadWidget</Filter>
    </CustomBuild>
    <CustomBuild Include="lrcLabel\musiclrc.h">
      <Filter>lrcLabel</Filter>
    </CustomBuild>
    <CustomBuild Include="mainWiget\widget.h">
      <Filter>mainWiget</Filter>
    </CustomBuild>
    <CustomBuild Include="minWidget\minmusicwidget.h">
      <Filter>minWidget</Filter>
    </CustomBuild>
    <CustomBuild Include="musicList\musiclist.h">
      <Filter>musicList</Filter>
    </CustomBuild>
    <CustomBuild Include="musicList\musiclistwidget.h">
      <Filter>musicList</Filter>
    </CustomBuild>
    <CustomBuild Include="thirdParty\qxtglobalshortcut\qxtglobalshortcut.h">
      <Filter>thirdParty\qxtglobalshortcut</Filter>
    </CustomBuild>
    <CustomBuild Include="thirdParty\qtsingleapplication\qtlocalpeer.h">
      <Filter>thirdParty\qtsingleapplication</Filter>
    </CustomBuild>
    <CustomBuild Include="thirdParty\qtsingleapplication\qtsingleapplication.h">
      <Filter>thirdParty\qtsingleapplication</Filter>
    </CustomBuild>
    <CustomBuild Include="thread\albumthread.h">
      <Filter>thread</Filter>
    </CustomBuild>
    <CustomBuild Include="thread\downloadthread.h">
      <Filter>thread</Filter>
    </CustomBuild>
    <CustomBuild Include="thread\HotplugWatcherThread.h">
      <Filter>thread</Filter>
    </CustomBuild>
    <CustomBuild Include="thread\lrcthread.h">
      <Filter>thread</Filter>
    </CustomBuild>
    <CustomBuild Include="Engine\engine.h">
      <Filter>Engine</Filter>
    </CustomBuild>
    <CustomBuild Include="Engine\spectrograph.h">
      <Filter>Engine</Filter>
    </CustomBuild>
    <CustomBuild Include="Engine\spectrumanalyser.h">
      <Filter>Engine</Filter>
    </CustomBuild>
    <CustomBuild Include="Engine\waveform.h">
      <Filter>Engine</Filter>
    </CustomBuild>
    <CustomBuild Include="searchPanel\SearchPanel.h">
      <Filter>searchPanel</Filter>
    </CustomBuild>
    <CustomBuild Include="thread\SearchThread.h">
      <Filter>thread</Filter>
    </CustomBuild>
    <CustomBuild Include="searchPanel\SearchList.h">
      <Filter>searchPanel</Filter>
    </CustomBuild>
    <CustomBuild Include="musicList\SharedDialog.h">
      <Filter>musicList</Filter>
    </CustomBuild>
    <CustomBuild Include="thread\LoadMusicThread.h">
      <Filter>thread</Filter>
    </CustomBuild>
    <CustomBuild Include="configPanel\UpdatePage.h">
      <Filter>configPanel</Filter>
    </CustomBuild>
  </ItemGroup>
  <ItemGroup>
    <CustomBuild Include="spectrum.qrc">
      <Filter>Resource Files</Filter>
    </CustomBuild>
  </ItemGroup>
  <ItemGroup>
    <ClInclude Include="code\defaultScheme.h">
      <Filter>code</Filter>
    </ClInclude>
    <ClInclude Include="code\head.h">
      <Filter>code</Filter>
    </ClInclude>
    <ClInclude Include="code\static.h">
      <Filter>code</Filter>
    </ClInclude>
    <ClInclude Include="code\stdafx.h">
      <Filter>code</Filter>
    </ClInclude>
    <ClInclude Include="code\targetver.h">
      <Filter>code</Filter>
    </ClInclude>
    <ClInclude Include="Entity\Entity.h">
      <Filter>Entity</Filter>
    </ClInclude>
    <ClInclude Include="Entity\MusicListSaveFormatEntity.h">
      <Filter>Entity</Filter>
    </ClInclude>
    <ClInclude Include="thirdParty\qxtglobalshortcut\qxtglobal.h">
      <Filter>thirdParty\qxtglobalshortcut</Filter>
    </ClInclude>
    <ClInclude Include="thirdParty\qxtglobalshortcut\qxtglobalshortcut_p.h">
      <Filter>thirdParty\qxtglobalshortcut</Filter>
    </ClInclude>
    <ClInclude Include="resource.h">
      <Filter>Generated Files</Filter>
    </ClInclude>
    <ClInclude Include="Engine\frequencyspectrum.h">
      <Filter>Engine</Filter>
    </ClInclude>
    <ClInclude Include="Engine\spectrum.h">
      <Filter>Engine</Filter>
    </ClInclude>
    <ClInclude Include="Engine\tonegenerator.h">
      <Filter>Engine</Filter>
    </ClInclude>
    <ClInclude Include="Engine\utils.h">
      <Filter>Engine</Filter>
    </ClInclude>
    <ClInclude Include="Engine\wavfile.h">
      <Filter>Engine</Filter>
    </ClInclude>
    <ClInclude Include="Engine\SoundControl.h">
      <Filter>Engine</Filter>
    </ClInclude>
    <ClInclude Include="Entity\MusicInfoEntity.h">
      <Filter>Entity</Filter>
    </ClInclude>
    <ClInclude Include="code\AutoStart.h">
      <Filter>code</Filter>
    </ClInclude>
    <ClInclude Include="code\FileRelation.h">
      <Filter>code</Filter>
    </ClInclude>
  </ItemGroup>
  <ItemGroup>
    <None Include="qss\musicPlayer.qss">
      <Filter>Resource Files</Filter>
    </None>
  </ItemGroup>
  <ItemGroup>
    <ResourceCompile Include="CZPlayerIcon.rc" />
  </ItemGroup>
</Project>